
Microsoft Visual Studio Solution File, Format Version 12.00
# Visual Studio Version 16
VisualStudioVersion = 16.0.31025.194
MinimumVisualStudioVersion = 10.0.40219.1
Project("{FAE04EC0-301F-11D3-BF4B-00C04F79EFBC}") = "Chap19App", "Chap19App\Chap19App.csproj", "{3D6D0A38-3BF2-4B9E-BBB9-BEC3581889C1}"
EndProject
Project("{FAE04EC0-301F-11D3-BF4B-00C04F79EFBC}") = "ThreadStateApp", "ThreadStateApp\ThreadStateApp.csproj", "{209059E0-6F4B-4EB4-9A5D-664FD41BD874}"
EndProject
Project("{FAE04EC0-301F-11D3-BF4B-00C04F79EFBC}") = "SideTaskApp", "SideTaskApp\SideTaskApp.csproj", "{125C5715-6EA9-4CD0-AB5F-EAF5E0BF835F}"
EndProject
Project("{FAE04EC0-301F-11D3-BF4B-00C04F79EFBC}") = "ProgressTestApp", "ProgressTestApp\ProgressTestApp.csproj", "{6A722DC4-9454-4075-8098-A9ECF63A5CB5}"
EndProject
Global
	GlobalSection(SolutionConfigurationPlatforms) = preSolution
		Debug|Any CPU = Debug|Any CPU
		Release|Any CPU = Release|Any CPU
	EndGlobalSection
	GlobalSection(ProjectConfigurationPlatforms) = postSolution
		{3D6D0A38-3BF2-4B9E-BBB9-BEC3581889C1}.Debug|Any CPU.ActiveCfg = Debug|Any CPU
		{3D6D0A38-3BF2-4B9E-BBB9-BEC3581889C1}.Debug|Any CPU.Build.0 = Debug|Any CPU
		{3D6D0A38-3BF2-4B9E-BBB9-BEC3581889C1}.Release|Any CPU.ActiveCfg = Release|Any CPU
		{3D6D0A38-3BF2-4B9E-BBB9-BEC3581889C1}.Release|Any CPU.Build.0 = Release|Any CPU
		{209059E0-6F4B-4EB4-9A5D-664FD41BD874}.Debug|Any CPU.ActiveCfg = Debug|Any CPU
		{209059E0-6F4B-4EB4-9A5D-664FD41BD874}.Debug|Any CPU.Build.0 = Debug|Any CPU
		{209059E0-6F4B-4EB4-9A5D-664FD41BD874}.Release|Any CPU.ActiveCfg = Release|Any CPU
		{209059E0-6F4B-4EB4-9A5D-664FD41BD874}.Release|Any CPU.Build.0 = Release|Any CPU
		{125C5715-6EA9-4CD0-AB5F-EAF5E0BF835F}.Debug|Any CPU.ActiveCfg = Debug|Any CPU
		{125C5715-6EA9-4CD0-AB5F-EAF5E0BF835F}.Debug|Any CPU.Build.0 = Debug|Any CPU
		{125C5715-6EA9-4CD0-AB5F-EAF5E0BF835F}.Release|Any CPU.ActiveCfg = Release|Any CPU
		{125C5715-6EA9-4CD0-AB5F-EAF5E0BF835F}.Release|Any CPU.Build.0 = Release|Any CPU
		{6A722DC4-9454-4075-8098-A9ECF63A5CB5}.Debug|Any CPU.ActiveCfg = Debug|Any CPU
		{6A722DC4-9454-4075-8098-A9ECF63A5CB5}.Debug|Any CPU.Build.0 = Debug|Any CPU
		{6A722DC4-9454-4075-8098-A9ECF63A5CB5}.Release|Any CPU.ActiveCfg = Release|Any CPU
		{6A722DC4-9454-4075-8098-A9ECF63A5CB5}.Release|Any CPU.Build.0 = Release|Any CPU
	EndGlobalSection
	GlobalSection(SolutionProperties) = preSolution
		HideSolutionNode = FALSE
	EndGlobalSection
	GlobalSection(ExtensibilityGlobals) = postSolution
		SolutionGuid = {4D5D72D2-C273-4BB0-9B7B-CB5D654224C4}
	EndGlobalSection
EndGlobal
