
Microsoft Visual Studio Solution File, Format Version 12.00
# Visual Studio Version 16
VisualStudioVersion = 16.0.31025.194
MinimumVisualStudioVersion = 10.0.40219.1
Project("{FAE04EC0-301F-11D3-BF4B-00C04F79EFBC}") = "Chap18App", "Chap18App\Chap18App.csproj", "{E00DD90F-046E-4F1F-9CCC-220E0AFEE47C}"
EndProject
Project("{FAE04EC0-301F-11D3-BF4B-00C04F79EFBC}") = "StringBuilderApp", "StringBilderApp\StringBuilderApp.csproj", "{B82BD5F6-5500-4178-BA87-38689BD65DA5}"
EndProject
Project("{FAE04EC0-301F-11D3-BF4B-00C04F79EFBC}") = "DirectoryInfoApp", "DirectoryInfoApp\DirectoryInfoApp.csproj", "{DDAFBF9C-0968-4374-BFDA-D78539AB01B3}"
EndProject
Project("{FAE04EC0-301F-11D3-BF4B-00C04F79EFBC}") = "GenDirFileApp", "GenDirFileApp\GenDirFileApp.csproj", "{34955026-9E97-4C8E-A92D-741D547C9338}"
EndProject
Project("{FAE04EC0-301F-11D3-BF4B-00C04F79EFBC}") = "TextFileApp", "TextFileApp\TextFileApp.csproj", "{943885A5-DA72-476D-B5A8-DBE1B1796713}"
EndProject
Global
	GlobalSection(SolutionConfigurationPlatforms) = preSolution
		Debug|Any CPU = Debug|Any CPU
		Release|Any CPU = Release|Any CPU
	EndGlobalSection
	GlobalSection(ProjectConfigurationPlatforms) = postSolution
		{E00DD90F-046E-4F1F-9CCC-220E0AFEE47C}.Debug|Any CPU.ActiveCfg = Debug|Any CPU
		{E00DD90F-046E-4F1F-9CCC-220E0AFEE47C}.Debug|Any CPU.Build.0 = Debug|Any CPU
		{E00DD90F-046E-4F1F-9CCC-220E0AFEE47C}.Release|Any CPU.ActiveCfg = Release|Any CPU
		{E00DD90F-046E-4F1F-9CCC-220E0AFEE47C}.Release|Any CPU.Build.0 = Release|Any CPU
		{B82BD5F6-5500-4178-BA87-38689BD65DA5}.Debug|Any CPU.ActiveCfg = Debug|Any CPU
		{B82BD5F6-5500-4178-BA87-38689BD65DA5}.Debug|Any CPU.Build.0 = Debug|Any CPU
		{B82BD5F6-5500-4178-BA87-38689BD65DA5}.Release|Any CPU.ActiveCfg = Release|Any CPU
		{B82BD5F6-5500-4178-BA87-38689BD65DA5}.Release|Any CPU.Build.0 = Release|Any CPU
		{DDAFBF9C-0968-4374-BFDA-D78539AB01B3}.Debug|Any CPU.ActiveCfg = Debug|Any CPU
		{DDAFBF9C-0968-4374-BFDA-D78539AB01B3}.Debug|Any CPU.Build.0 = Debug|Any CPU
		{DDAFBF9C-0968-4374-BFDA-D78539AB01B3}.Release|Any CPU.ActiveCfg = Release|Any CPU
		{DDAFBF9C-0968-4374-BFDA-D78539AB01B3}.Release|Any CPU.Build.0 = Release|Any CPU
		{34955026-9E97-4C8E-A92D-741D547C9338}.Debug|Any CPU.ActiveCfg = Debug|Any CPU
		{34955026-9E97-4C8E-A92D-741D547C9338}.Debug|Any CPU.Build.0 = Debug|Any CPU
		{34955026-9E97-4C8E-A92D-741D547C9338}.Release|Any CPU.ActiveCfg = Release|Any CPU
		{34955026-9E97-4C8E-A92D-741D547C9338}.Release|Any CPU.Build.0 = Release|Any CPU
		{943885A5-DA72-476D-B5A8-DBE1B1796713}.Debug|Any CPU.ActiveCfg = Debug|Any CPU
		{943885A5-DA72-476D-B5A8-DBE1B1796713}.Debug|Any CPU.Build.0 = Debug|Any CPU
		{943885A5-DA72-476D-B5A8-DBE1B1796713}.Release|Any CPU.ActiveCfg = Release|Any CPU
		{943885A5-DA72-476D-B5A8-DBE1B1796713}.Release|Any CPU.Build.0 = Release|Any CPU
	EndGlobalSection
	GlobalSection(SolutionProperties) = preSolution
		HideSolutionNode = FALSE
	EndGlobalSection
	GlobalSection(ExtensibilityGlobals) = postSolution
		SolutionGuid = {ED44FF7F-1256-4787-A2DB-12A9C84844DA}
	EndGlobalSection
EndGlobal
