
Microsoft Visual Studio Solution File, Format Version 12.00
# Visual Studio Version 16
VisualStudioVersion = 16.0.31019.35
MinimumVisualStudioVersion = 10.0.40219.1
Project("{FAE04EC0-301F-11D3-BF4B-00C04F79EFBC}") = "Chap09App", "Chap09App\Chap09App.csproj", "{8D0F2CAC-5045-40F7-BA6F-EECC08B34243}"
EndProject
Project("{FAE04EC0-301F-11D3-BF4B-00C04F79EFBC}") = "PropertyTestApp", "PropertyTestApp\PropertyTestApp.csproj", "{DDFC1AA2-2B2B-4EAC-9B3A-295EE52474AD}"
EndProject
Global
	GlobalSection(SolutionConfigurationPlatforms) = preSolution
		Debug|Any CPU = Debug|Any CPU
		Release|Any CPU = Release|Any CPU
	EndGlobalSection
	GlobalSection(ProjectConfigurationPlatforms) = postSolution
		{8D0F2CAC-5045-40F7-BA6F-EECC08B34243}.Debug|Any CPU.ActiveCfg = Debug|Any CPU
		{8D0F2CAC-5045-40F7-BA6F-EECC08B34243}.Debug|Any CPU.Build.0 = Debug|Any CPU
		{8D0F2CAC-5045-40F7-BA6F-EECC08B34243}.Release|Any CPU.ActiveCfg = Release|Any CPU
		{8D0F2CAC-5045-40F7-BA6F-EECC08B34243}.Release|Any CPU.Build.0 = Release|Any CPU
		{DDFC1AA2-2B2B-4EAC-9B3A-295EE52474AD}.Debug|Any CPU.ActiveCfg = Debug|Any CPU
		{DDFC1AA2-2B2B-4EAC-9B3A-295EE52474AD}.Debug|Any CPU.Build.0 = Debug|Any CPU
		{DDFC1AA2-2B2B-4EAC-9B3A-295EE52474AD}.Release|Any CPU.ActiveCfg = Release|Any CPU
		{DDFC1AA2-2B2B-4EAC-9B3A-295EE52474AD}.Release|Any CPU.Build.0 = Release|Any CPU
	EndGlobalSection
	GlobalSection(SolutionProperties) = preSolution
		HideSolutionNode = FALSE
	EndGlobalSection
	GlobalSection(ExtensibilityGlobals) = postSolution
		SolutionGuid = {16BD56FC-02BE-4B40-A6DD-0F46E66B851F}
	EndGlobalSection
EndGlobal
